
Microsoft Visual Studio Solution File, Format Version 12.00
# Visual Studio 15
VisualStudioVersion = 15.0.28307.271
MinimumVisualStudioVersion = 10.0.40219.1
Project("{FAE04EC0-301F-11D3-BF4B-00C04F79EFBC}") = "Useurmind.DataStructures", "Useurmind.DataStructures\Useurmind.DataStructures.csproj", "{26250C8C-B7ED-4870-9A0A-5064F422D8DC}"
EndProject
Project("{9A19103F-16F7-4668-BE54-9A1E7A4F7556}") = "Useurmind.DataStructures.Test", "Useurmind.DataStructures.Test\Useurmind.DataStructures.Test.csproj", "{3A7229C8-B4A7-48AB-BE6A-725A00D6BE05}"
EndProject
Global
	GlobalSection(SolutionConfigurationPlatforms) = preSolution
		Debug|Any CPU = Debug|Any CPU
		Release|Any CPU = Release|Any CPU
	EndGlobalSection
	GlobalSection(ProjectConfigurationPlatforms) = postSolution
		{26250C8C-B7ED-4870-9A0A-5064F422D8DC}.Debug|Any CPU.ActiveCfg = Debug|Any CPU
		{26250C8C-B7ED-4870-9A0A-5064F422D8DC}.Debug|Any CPU.Build.0 = Debug|Any CPU
		{26250C8C-B7ED-4870-9A0A-5064F422D8DC}.Release|Any CPU.ActiveCfg = Release|Any CPU
		{26250C8C-B7ED-4870-9A0A-5064F422D8DC}.Release|Any CPU.Build.0 = Release|Any CPU
		{3A7229C8-B4A7-48AB-BE6A-725A00D6BE05}.Debug|Any CPU.ActiveCfg = Debug|Any CPU
		{3A7229C8-B4A7-48AB-BE6A-725A00D6BE05}.Debug|Any CPU.Build.0 = Debug|Any CPU
		{3A7229C8-B4A7-48AB-BE6A-725A00D6BE05}.Release|Any CPU.ActiveCfg = Release|Any CPU
		{3A7229C8-B4A7-48AB-BE6A-725A00D6BE05}.Release|Any CPU.Build.0 = Release|Any CPU
	EndGlobalSection
	GlobalSection(SolutionProperties) = preSolution
		HideSolutionNode = FALSE
	EndGlobalSection
	GlobalSection(ExtensibilityGlobals) = postSolution
		SolutionGuid = {B0772F89-2A90-41C2-AE9B-54F639B10F32}
	EndGlobalSection
EndGlobal
